
Microsoft Visual Studio Solution File, Format Version 12.00
# Visual Studio Version 17
VisualStudioVersion = 17.14.36212.18
MinimumVisualStudioVersion = 10.0.40219.1
Project("{2150E333-8FDC-42A3-9474-1A3956D46DE8}") = "Microservices", "Microservices", "{02EA681E-C7D8-13C7-8484-4AC65E1B71E8}"
EndProject
Project("{2150E333-8FDC-42A3-9474-1A3956D46DE8}") = "Domain", "Domain", "{008C54DF-A09B-4261-86B9-FDE52B276A2A}"
EndProject
Project("{2150E333-8FDC-42A3-9474-1A3956D46DE8}") = "Infra.Bus", "Infra.Bus", "{530351AC-37DC-4A33-8B0B-14B65D5852A4}"
EndProject
Project("{2150E333-8FDC-42A3-9474-1A3956D46DE8}") = "Infra.Structure.IoC", "Infra.Structure.IoC", "{03F3F1CC-CE10-4552-84A2-B4FE8026C25C}"
EndProject
Project("{2150E333-8FDC-42A3-9474-1A3956D46DE8}") = "Presentation", "Presentation", "{89E41F77-AD3B-40D3-9E76-AAF10AFA4A4D}"
EndProject
Project("{FAE04EC0-301F-11D3-BF4B-00C04F79EFBC}") = "MicroRabbit.Domain.Core", "MicroRabbit.Domain.Core\MicroRabbit.Domain.Core.csproj", "{F267EB82-17A7-463B-8CEC-274932FF849E}"
EndProject
Project("{FAE04EC0-301F-11D3-BF4B-00C04F79EFBC}") = "MicroRabbit.Infra.Bus", "MicroRabbit.Infra.Bus\MicroRabbit.Infra.Bus.csproj", "{3EEE6331-4BA7-4239-8B73-8E6D94FE4865}"
EndProject
Project("{FAE04EC0-301F-11D3-BF4B-00C04F79EFBC}") = "MicroRabbit.Infra.IoC", "MicroRabbit.Infra.IoC\MicroRabbit.Infra.IoC.csproj", "{4CA88AE8-A2A0-488A-909F-C0070165E942}"
EndProject
Project("{2150E333-8FDC-42A3-9474-1A3956D46DE8}") = "Banking", "Banking", "{3A14968D-7864-4FC9-9E99-E48BF6C52315}"
EndProject
Project("{2150E333-8FDC-42A3-9474-1A3956D46DE8}") = "Api", "Api", "{C2BDBC20-E5B1-4F8C-8507-E1197F6285E4}"
EndProject
Project("{2150E333-8FDC-42A3-9474-1A3956D46DE8}") = "Application", "Application", "{6509F8D4-322E-4515-8DBA-6693685F7A0D}"
EndProject
Project("{2150E333-8FDC-42A3-9474-1A3956D46DE8}") = "Data", "Data", "{59E98F4B-2F8F-44F4-A315-8B074C416223}"
EndProject
Project("{2150E333-8FDC-42A3-9474-1A3956D46DE8}") = "Domain", "Domain", "{C0117C39-785F-4435-8A3B-FECCFE7EE9EE}"
EndProject
Project("{FAE04EC0-301F-11D3-BF4B-00C04F79EFBC}") = "MicroRabbit.Banking.Api", "MicroRabbit.Banking.Api\MicroRabbit.Banking.Api.csproj", "{2EED56AC-FF94-4726-97E3-4C96A3DABE09}"
EndProject
Project("{FAE04EC0-301F-11D3-BF4B-00C04F79EFBC}") = "MicroRabbit.Banking.Application", "MicroRabbit.Banking.Application\MicroRabbit.Banking.Application.csproj", "{36274FE5-20AA-4A11-8ED8-7C4C15E9D681}"
EndProject
Project("{FAE04EC0-301F-11D3-BF4B-00C04F79EFBC}") = "MicroRabbit.Banking.Data", "MicroRabbit.Banking.Data\MicroRabbit.Banking.Data.csproj", "{48CEDEBE-00D4-4B4D-A488-21FB22BD68CD}"
EndProject
Project("{FAE04EC0-301F-11D3-BF4B-00C04F79EFBC}") = "MicroRabbit.Banking.Domain", "MicroRabbit.Banking.Domain\MicroRabbit.Banking.Domain.csproj", "{63332D41-7C4D-4273-97A8-9127483EC712}"
EndProject
Project("{2150E333-8FDC-42A3-9474-1A3956D46DE8}") = "Transfer", "Transfer", "{6FE5DBF8-0C7E-4AFA-883D-28C1A0038BE6}"
EndProject
Project("{2150E333-8FDC-42A3-9474-1A3956D46DE8}") = "Api", "Api", "{999C2463-4CB6-42AE-8A10-03C9B41FC4AD}"
EndProject
Project("{2150E333-8FDC-42A3-9474-1A3956D46DE8}") = "Application", "Application", "{750225D9-0092-479F-B591-5326C45242B6}"
EndProject
Project("{2150E333-8FDC-42A3-9474-1A3956D46DE8}") = "Data", "Data", "{49DCF2F4-C38D-4AD6-836A-1D254FCCB835}"
EndProject
Project("{2150E333-8FDC-42A3-9474-1A3956D46DE8}") = "Domain", "Domain", "{D8DF7702-7BE5-4C85-85F0-8B17721A33EE}"
EndProject
Project("{FAE04EC0-301F-11D3-BF4B-00C04F79EFBC}") = "MicroRabbit.Transfer.Api", "MicroRabbit.Transfer.Api\MicroRabbit.Transfer.Api.csproj", "{22E9F91A-F1F5-4220-AFAD-82197F957941}"
EndProject
Project("{FAE04EC0-301F-11D3-BF4B-00C04F79EFBC}") = "MicroRabbit.Transfer.Application", "MicroRabbit.Transfer.Application\MicroRabbit.Transfer.Application.csproj", "{37D461EA-2415-4965-920C-DA779D90C5BF}"
EndProject
Project("{FAE04EC0-301F-11D3-BF4B-00C04F79EFBC}") = "MicroRabbit.Transfer.Data", "MicroRabbit.Transfer.Data\MicroRabbit.Transfer.Data.csproj", "{E2811498-0214-4563-80CF-D4EF6FC83113}"
EndProject
Project("{FAE04EC0-301F-11D3-BF4B-00C04F79EFBC}") = "MicroRabbit.Transfer.Domain", "MicroRabbit.Transfer.Domain\MicroRabbit.Transfer.Domain.csproj", "{194AFE0A-C8C0-4E1D-B68E-54D87DF4F201}"
EndProject
Global
	GlobalSection(SolutionConfigurationPlatforms) = preSolution
		Debug|Any CPU = Debug|Any CPU
		Release|Any CPU = Release|Any CPU
	EndGlobalSection
	GlobalSection(ProjectConfigurationPlatforms) = postSolution
		{F267EB82-17A7-463B-8CEC-274932FF849E}.Debug|Any CPU.ActiveCfg = Debug|Any CPU
		{F267EB82-17A7-463B-8CEC-274932FF849E}.Debug|Any CPU.Build.0 = Debug|Any CPU
		{F267EB82-17A7-463B-8CEC-274932FF849E}.Release|Any CPU.ActiveCfg = Release|Any CPU
		{F267EB82-17A7-463B-8CEC-274932FF849E}.Release|Any CPU.Build.0 = Release|Any CPU
		{3EEE6331-4BA7-4239-8B73-8E6D94FE4865}.Debug|Any CPU.ActiveCfg = Debug|Any CPU
		{3EEE6331-4BA7-4239-8B73-8E6D94FE4865}.Debug|Any CPU.Build.0 = Debug|Any CPU
		{3EEE6331-4BA7-4239-8B73-8E6D94FE4865}.Release|Any CPU.ActiveCfg = Release|Any CPU
		{3EEE6331-4BA7-4239-8B73-8E6D94FE4865}.Release|Any CPU.Build.0 = Release|Any CPU
		{4CA88AE8-A2A0-488A-909F-C0070165E942}.Debug|Any CPU.ActiveCfg = Debug|Any CPU
		{4CA88AE8-A2A0-488A-909F-C0070165E942}.Debug|Any CPU.Build.0 = Debug|Any CPU
		{4CA88AE8-A2A0-488A-909F-C0070165E942}.Release|Any CPU.ActiveCfg = Release|Any CPU
		{4CA88AE8-A2A0-488A-909F-C0070165E942}.Release|Any CPU.Build.0 = Release|Any CPU
		{2EED56AC-FF94-4726-97E3-4C96A3DABE09}.Debug|Any CPU.ActiveCfg = Debug|Any CPU
		{2EED56AC-FF94-4726-97E3-4C96A3DABE09}.Debug|Any CPU.Build.0 = Debug|Any CPU
		{2EED56AC-FF94-4726-97E3-4C96A3DABE09}.Release|Any CPU.ActiveCfg = Release|Any CPU
		{2EED56AC-FF94-4726-97E3-4C96A3DABE09}.Release|Any CPU.Build.0 = Release|Any CPU
		{36274FE5-20AA-4A11-8ED8-7C4C15E9D681}.Debug|Any CPU.ActiveCfg = Debug|Any CPU
		{36274FE5-20AA-4A11-8ED8-7C4C15E9D681}.Debug|Any CPU.Build.0 = Debug|Any CPU
		{36274FE5-20AA-4A11-8ED8-7C4C15E9D681}.Release|Any CPU.ActiveCfg = Release|Any CPU
		{36274FE5-20AA-4A11-8ED8-7C4C15E9D681}.Release|Any CPU.Build.0 = Release|Any CPU
		{48CEDEBE-00D4-4B4D-A488-21FB22BD68CD}.Debug|Any CPU.ActiveCfg = Debug|Any CPU
		{48CEDEBE-00D4-4B4D-A488-21FB22BD68CD}.Debug|Any CPU.Build.0 = Debug|Any CPU
		{48CEDEBE-00D4-4B4D-A488-21FB22BD68CD}.Release|Any CPU.ActiveCfg = Release|Any CPU
		{48CEDEBE-00D4-4B4D-A488-21FB22BD68CD}.Release|Any CPU.Build.0 = Release|Any CPU
		{63332D41-7C4D-4273-97A8-9127483EC712}.Debug|Any CPU.ActiveCfg = Debug|Any CPU
		{63332D41-7C4D-4273-97A8-9127483EC712}.Debug|Any CPU.Build.0 = Debug|Any CPU
		{63332D41-7C4D-4273-97A8-9127483EC712}.Release|Any CPU.ActiveCfg = Release|Any CPU
		{63332D41-7C4D-4273-97A8-9127483EC712}.Release|Any CPU.Build.0 = Release|Any CPU
		{22E9F91A-F1F5-4220-AFAD-82197F957941}.Debug|Any CPU.ActiveCfg = Debug|Any CPU
		{22E9F91A-F1F5-4220-AFAD-82197F957941}.Debug|Any CPU.Build.0 = Debug|Any CPU
		{22E9F91A-F1F5-4220-AFAD-82197F957941}.Release|Any CPU.ActiveCfg = Release|Any CPU
		{22E9F91A-F1F5-4220-AFAD-82197F957941}.Release|Any CPU.Build.0 = Release|Any CPU
		{37D461EA-2415-4965-920C-DA779D90C5BF}.Debug|Any CPU.ActiveCfg = Debug|Any CPU
		{37D461EA-2415-4965-920C-DA779D90C5BF}.Debug|Any CPU.Build.0 = Debug|Any CPU
		{37D461EA-2415-4965-920C-DA779D90C5BF}.Release|Any CPU.ActiveCfg = Release|Any CPU
		{37D461EA-2415-4965-920C-DA779D90C5BF}.Release|Any CPU.Build.0 = Release|Any CPU
		{E2811498-0214-4563-80CF-D4EF6FC83113}.Debug|Any CPU.ActiveCfg = Debug|Any CPU
		{E2811498-0214-4563-80CF-D4EF6FC83113}.Debug|Any CPU.Build.0 = Debug|Any CPU
		{E2811498-0214-4563-80CF-D4EF6FC83113}.Release|Any CPU.ActiveCfg = Release|Any CPU
		{E2811498-0214-4563-80CF-D4EF6FC83113}.Release|Any CPU.Build.0 = Release|Any CPU
		{194AFE0A-C8C0-4E1D-B68E-54D87DF4F201}.Debug|Any CPU.ActiveCfg = Debug|Any CPU
		{194AFE0A-C8C0-4E1D-B68E-54D87DF4F201}.Debug|Any CPU.Build.0 = Debug|Any CPU
		{194AFE0A-C8C0-4E1D-B68E-54D87DF4F201}.Release|Any CPU.ActiveCfg = Release|Any CPU
		{194AFE0A-C8C0-4E1D-B68E-54D87DF4F201}.Release|Any CPU.Build.0 = Release|Any CPU
	EndGlobalSection
	GlobalSection(SolutionProperties) = preSolution
		HideSolutionNode = FALSE
	EndGlobalSection
	GlobalSection(NestedProjects) = preSolution
		{F267EB82-17A7-463B-8CEC-274932FF849E} = {008C54DF-A09B-4261-86B9-FDE52B276A2A}
		{3EEE6331-4BA7-4239-8B73-8E6D94FE4865} = {530351AC-37DC-4A33-8B0B-14B65D5852A4}
		{4CA88AE8-A2A0-488A-909F-C0070165E942} = {03F3F1CC-CE10-4552-84A2-B4FE8026C25C}
		{3A14968D-7864-4FC9-9E99-E48BF6C52315} = {02EA681E-C7D8-13C7-8484-4AC65E1B71E8}
		{C2BDBC20-E5B1-4F8C-8507-E1197F6285E4} = {3A14968D-7864-4FC9-9E99-E48BF6C52315}
		{6509F8D4-322E-4515-8DBA-6693685F7A0D} = {3A14968D-7864-4FC9-9E99-E48BF6C52315}
		{59E98F4B-2F8F-44F4-A315-8B074C416223} = {3A14968D-7864-4FC9-9E99-E48BF6C52315}
		{C0117C39-785F-4435-8A3B-FECCFE7EE9EE} = {3A14968D-7864-4FC9-9E99-E48BF6C52315}
		{2EED56AC-FF94-4726-97E3-4C96A3DABE09} = {C2BDBC20-E5B1-4F8C-8507-E1197F6285E4}
		{36274FE5-20AA-4A11-8ED8-7C4C15E9D681} = {6509F8D4-322E-4515-8DBA-6693685F7A0D}
		{48CEDEBE-00D4-4B4D-A488-21FB22BD68CD} = {59E98F4B-2F8F-44F4-A315-8B074C416223}
		{63332D41-7C4D-4273-97A8-9127483EC712} = {C0117C39-785F-4435-8A3B-FECCFE7EE9EE}
		{6FE5DBF8-0C7E-4AFA-883D-28C1A0038BE6} = {02EA681E-C7D8-13C7-8484-4AC65E1B71E8}
		{999C2463-4CB6-42AE-8A10-03C9B41FC4AD} = {6FE5DBF8-0C7E-4AFA-883D-28C1A0038BE6}
		{750225D9-0092-479F-B591-5326C45242B6} = {6FE5DBF8-0C7E-4AFA-883D-28C1A0038BE6}
		{49DCF2F4-C38D-4AD6-836A-1D254FCCB835} = {6FE5DBF8-0C7E-4AFA-883D-28C1A0038BE6}
		{D8DF7702-7BE5-4C85-85F0-8B17721A33EE} = {6FE5DBF8-0C7E-4AFA-883D-28C1A0038BE6}
		{22E9F91A-F1F5-4220-AFAD-82197F957941} = {999C2463-4CB6-42AE-8A10-03C9B41FC4AD}
		{37D461EA-2415-4965-920C-DA779D90C5BF} = {750225D9-0092-479F-B591-5326C45242B6}
		{E2811498-0214-4563-80CF-D4EF6FC83113} = {49DCF2F4-C38D-4AD6-836A-1D254FCCB835}
		{194AFE0A-C8C0-4E1D-B68E-54D87DF4F201} = {D8DF7702-7BE5-4C85-85F0-8B17721A33EE}
	EndGlobalSection
	GlobalSection(ExtensibilityGlobals) = postSolution
		SolutionGuid = {CBD9E0E4-FD03-47B5-8ED8-D71F84581896}
	EndGlobalSection
EndGlobal
